Microsoft Visual Studio Solution File, Format Version 12.00
# Visual Studio Version 17
VisualStudioVersion = 17.5.2.0
MinimumVisualStudioVersion = 10.0.40219.1
Project("{FAE04EC0-301F-11D3-BF4B-00C04F79EFBC}") = "ShibaArray", "ShibaArray.csproj", "{11155809-0647-49AB-BFAE-787B6375C2DF}"
EndProject
Global
	GlobalSection(SolutionConfigurationPlatforms) = preSolution
		Debug|Any CPU = Debug|Any CPU
		Release|Any CPU = Release|Any CPU
	EndGlobalSection
	GlobalSection(ProjectConfigurationPlatforms) = postSolution
		{11155809-0647-49AB-BFAE-787B6375C2DF}.Debug|Any CPU.ActiveCfg = Debug|Any CPU
		{11155809-0647-49AB-BFAE-787B6375C2DF}.Debug|Any CPU.Build.0 = Debug|Any CPU
		{11155809-0647-49AB-BFAE-787B6375C2DF}.Release|Any CPU.ActiveCfg = Release|Any CPU
		{11155809-0647-49AB-BFAE-787B6375C2DF}.Release|Any CPU.Build.0 = Release|Any CPU
	EndGlobalSection
	GlobalSection(SolutionProperties) = preSolution
		HideSolutionNode = FALSE
	EndGlobalSection
	GlobalSection(ExtensibilityGlobals) = postSolution
		SolutionGuid = {A4C6DB04-8C7F-4885-8444-C1FEDBB545F0}
	EndGlobalSection
EndGlobal
